
Microsoft Visual Studio Solution File, Format Version 12.00
# Visual Studio 15
VisualStudioVersion = 15.0.28307.902
MinimumVisualStudioVersion = 10.0.40219.1
Project("{FAE04EC0-301F-11D3-BF4B-00C04F79EFBC}") = "Risk Mitigation Portal", "Risk Mitigation Portal\Risk Mitigation Portal.csproj", "{BE919157-3BB0-484E-A2D1-427BD8026CC6}"
EndProject
Global
	GlobalSection(SolutionConfigurationPlatforms) = preSolution
		Debug|Any CPU = Debug|Any CPU
		Release|Any CPU = Release|Any CPU
	EndGlobalSection
	GlobalSection(ProjectConfigurationPlatforms) = postSolution
		{BE919157-3BB0-484E-A2D1-427BD8026CC6}.Debug|Any CPU.ActiveCfg = Debug|Any CPU
		{BE919157-3BB0-484E-A2D1-427BD8026CC6}.Debug|Any CPU.Build.0 = Debug|Any CPU
		{BE919157-3BB0-484E-A2D1-427BD8026CC6}.Release|Any CPU.ActiveCfg = Release|Any CPU
		{BE919157-3BB0-484E-A2D1-427BD8026CC6}.Release|Any CPU.Build.0 = Release|Any CPU
	EndGlobalSection
	GlobalSection(SolutionProperties) = preSolution
		HideSolutionNode = FALSE
	EndGlobalSection
	GlobalSection(ExtensibilityGlobals) = postSolution
		SolutionGuid = {DD4A3A0C-21DD-42A0-9DA1-996827CE797E}
	EndGlobalSection
EndGlobal
